
Microsoft Visual Studio Solution File, Format Version 12.00
# Visual Studio Version 17
VisualStudioVersion = 17.13.35931.197 d17.13
MinimumVisualStudioVersion = 10.0.40219.1
Project("{FAE04EC0-301F-11D3-BF4B-00C04F79EFBC}") = "Ej1", "guia7.4\Ej1.csproj", "{9A406749-5C1A-4762-A4D8-1C325BB637E1}"
EndProject
Project("{FAE04EC0-301F-11D3-BF4B-00C04F79EFBC}") = "Ejj2", "Ejj2\Ejj2.csproj", "{16B8195F-88DB-49F0-9EC0-D49775CEC9EE}"
EndProject
Global
	GlobalSection(SolutionConfigurationPlatforms) = preSolution
		Debug|Any CPU = Debug|Any CPU
		Release|Any CPU = Release|Any CPU
	EndGlobalSection
	GlobalSection(ProjectConfigurationPlatforms) = postSolution
		{9A406749-5C1A-4762-A4D8-1C325BB637E1}.Debug|Any CPU.ActiveCfg = Debug|Any CPU
		{9A406749-5C1A-4762-A4D8-1C325BB637E1}.Debug|Any CPU.Build.0 = Debug|Any CPU
		{9A406749-5C1A-4762-A4D8-1C325BB637E1}.Release|Any CPU.ActiveCfg = Release|Any CPU
		{9A406749-5C1A-4762-A4D8-1C325BB637E1}.Release|Any CPU.Build.0 = Release|Any CPU
		{16B8195F-88DB-49F0-9EC0-D49775CEC9EE}.Debug|Any CPU.ActiveCfg = Debug|Any CPU
		{16B8195F-88DB-49F0-9EC0-D49775CEC9EE}.Debug|Any CPU.Build.0 = Debug|Any CPU
		{16B8195F-88DB-49F0-9EC0-D49775CEC9EE}.Release|Any CPU.ActiveCfg = Release|Any CPU
		{16B8195F-88DB-49F0-9EC0-D49775CEC9EE}.Release|Any CPU.Build.0 = Release|Any CPU
	EndGlobalSection
	GlobalSection(SolutionProperties) = preSolution
		HideSolutionNode = FALSE
	EndGlobalSection
	GlobalSection(ExtensibilityGlobals) = postSolution
		SolutionGuid = {98A02DED-973C-452E-B82B-48F3279FEE68}
	EndGlobalSection
EndGlobal
